
Microsoft Visual Studio Solution File, Format Version 12.00
# Visual Studio 2017
Project("{FAE04EC0-301F-11D3-BF4B-00C04F79EFBC}") = "SurvivalShooter_IAP_Demo.Plugins", "SurvivalShooter_IAP_Demo.Plugins.csproj", "{56D7ECE0-42D9-D137-DB86-F6860E19B1A7}"
EndProject
Project("{FAE04EC0-301F-11D3-BF4B-00C04F79EFBC}") = "SurvivalShooter_IAP_Demo", "SurvivalShooter_IAP_Demo.csproj", "{9251BC8A-CB7B-649D-FCE8-7AE68E85F03D}"
EndProject
Project("{FAE04EC0-301F-11D3-BF4B-00C04F79EFBC}") = "SurvivalShooter_IAP_Demo.Editor.Plugins", "SurvivalShooter_IAP_Demo.Editor.Plugins.csproj", "{EDB448BC-AFC4-7A37-8A86-143E61422CA2}"
EndProject
Project("{FAE04EC0-301F-11D3-BF4B-00C04F79EFBC}") = "SurvivalShooter_IAP_Demo.Editor", "SurvivalShooter_IAP_Demo.Editor.csproj", "{5119523B-1468-1C73-C6F8-8972DD8360E6}"
EndProject
Global
	GlobalSection(SolutionConfigurationPlatforms) = preSolution
		Debug|Any CPU = Debug|Any CPU
		Release|Any CPU = Release|Any CPU
	EndGlobalSection
	GlobalSection(ProjectConfigurationPlatforms) = postSolution
		{56D7ECE0-42D9-D137-DB86-F6860E19B1A7}.Debug|Any CPU.ActiveCfg = Debug|Any CPU
		{56D7ECE0-42D9-D137-DB86-F6860E19B1A7}.Debug|Any CPU.Build.0 = Debug|Any CPU
		{56D7ECE0-42D9-D137-DB86-F6860E19B1A7}.Release|Any CPU.ActiveCfg = Release|Any CPU
		{56D7ECE0-42D9-D137-DB86-F6860E19B1A7}.Release|Any CPU.Build.0 = Release|Any CPU
		{9251BC8A-CB7B-649D-FCE8-7AE68E85F03D}.Debug|Any CPU.ActiveCfg = Debug|Any CPU
		{9251BC8A-CB7B-649D-FCE8-7AE68E85F03D}.Debug|Any CPU.Build.0 = Debug|Any CPU
		{9251BC8A-CB7B-649D-FCE8-7AE68E85F03D}.Release|Any CPU.ActiveCfg = Release|Any CPU
		{9251BC8A-CB7B-649D-FCE8-7AE68E85F03D}.Release|Any CPU.Build.0 = Release|Any CPU
		{EDB448BC-AFC4-7A37-8A86-143E61422CA2}.Debug|Any CPU.ActiveCfg = Debug|Any CPU
		{EDB448BC-AFC4-7A37-8A86-143E61422CA2}.Debug|Any CPU.Build.0 = Debug|Any CPU
		{EDB448BC-AFC4-7A37-8A86-143E61422CA2}.Release|Any CPU.ActiveCfg = Release|Any CPU
		{EDB448BC-AFC4-7A37-8A86-143E61422CA2}.Release|Any CPU.Build.0 = Release|Any CPU
		{5119523B-1468-1C73-C6F8-8972DD8360E6}.Debug|Any CPU.ActiveCfg = Debug|Any CPU
		{5119523B-1468-1C73-C6F8-8972DD8360E6}.Debug|Any CPU.Build.0 = Debug|Any CPU
		{5119523B-1468-1C73-C6F8-8972DD8360E6}.Release|Any CPU.ActiveCfg = Release|Any CPU
		{5119523B-1468-1C73-C6F8-8972DD8360E6}.Release|Any CPU.Build.0 = Release|Any CPU
	EndGlobalSection
	GlobalSection(SolutionProperties) = preSolution
		HideSolutionNode = FALSE
	EndGlobalSection
EndGlobal
